
Microsoft Visual Studio Solution File, Format Version 12.00
# Visual Studio Version 16
VisualStudioVersion = 16.0.31911.196
MinimumVisualStudioVersion = 10.0.40219.1
Project("{FAE04EC0-301F-11D3-BF4B-00C04F79EFBC}") = "HomeWork4", "HomeWork4.csproj", "{716F26FE-DC2C-4749-BB86-F2B7E0EBC78A}"
EndProject
Global
	GlobalSection(SolutionConfigurationPlatforms) = preSolution
		Debug|Any CPU = Debug|Any CPU
		Release|Any CPU = Release|Any CPU
	EndGlobalSection
	GlobalSection(ProjectConfigurationPlatforms) = postSolution
		{716F26FE-DC2C-4749-BB86-F2B7E0EBC78A}.Debug|Any CPU.ActiveCfg = Debug|Any CPU
		{716F26FE-DC2C-4749-BB86-F2B7E0EBC78A}.Debug|Any CPU.Build.0 = Debug|Any CPU
		{716F26FE-DC2C-4749-BB86-F2B7E0EBC78A}.Release|Any CPU.ActiveCfg = Release|Any CPU
		{716F26FE-DC2C-4749-BB86-F2B7E0EBC78A}.Release|Any CPU.Build.0 = Release|Any CPU
	EndGlobalSection
	GlobalSection(SolutionProperties) = preSolution
		HideSolutionNode = FALSE
	EndGlobalSection
	GlobalSection(ExtensibilityGlobals) = postSolution
		SolutionGuid = {16D16DFE-3E3D-439E-AC5F-BB0B6931AADA}
	EndGlobalSection
EndGlobal
