
Microsoft Visual Studio Solution File, Format Version 12.00
# Visual Studio Version 16
VisualStudioVersion = 16.0.31911.196
MinimumVisualStudioVersion = 10.0.40219.1
Project("{FAE04EC0-301F-11D3-BF4B-00C04F79EFBC}") = "ConsoleApp1MustDelete", "ConsoleApp1MustDelete.csproj", "{B4F55774-F07F-4EE1-8765-59361EA9029F}"
EndProject
Global
	GlobalSection(SolutionConfigurationPlatforms) = preSolution
		Debug|Any CPU = Debug|Any CPU
		Release|Any CPU = Release|Any CPU
	EndGlobalSection
	GlobalSection(ProjectConfigurationPlatforms) = postSolution
		{B4F55774-F07F-4EE1-8765-59361EA9029F}.Debug|Any CPU.ActiveCfg = Debug|Any CPU
		{B4F55774-F07F-4EE1-8765-59361EA9029F}.Debug|Any CPU.Build.0 = Debug|Any CPU
		{B4F55774-F07F-4EE1-8765-59361EA9029F}.Release|Any CPU.ActiveCfg = Release|Any CPU
		{B4F55774-F07F-4EE1-8765-59361EA9029F}.Release|Any CPU.Build.0 = Release|Any CPU
	EndGlobalSection
	GlobalSection(SolutionProperties) = preSolution
		HideSolutionNode = FALSE
	EndGlobalSection
	GlobalSection(ExtensibilityGlobals) = postSolution
		SolutionGuid = {2D4C085C-91B5-4BF2-BDF1-4E23765CD68E}
	EndGlobalSection
EndGlobal
